{
  "name": "astrosmos",
  "version": "1.0.0",
  "lockfileVersion": 3,
  "requires": true,
  "packages": {
    "": {
      "name": "astrosmos",
      "version": "1.0.0",
      "license": "MIT",
      "workspaces": [
        "packages/client",
        "packages/server",
        "packages/common"
      ]
    },
    "node_modules/@astrosmos/client": {
      "resolved": "packages/client",
      "link": true
    },
    "node_modules/@astrosmos/common": {
      "resolved": "packages/common",
      "link": true
    },
    "node_modules/@astrosmos/server": {
      "resolved": "packages/server",
      "link": true
    },
    "packages/client": {
      "name": "@astrosmos/client",
      "version": "1.0.0",
      "license": "MIT"
    },
    "packages/common": {
      "version": "1.0.0",
      "license": "MIT",
      "devDependencies": {}
    },
    "packages/server": {
      "name": "@astrosmos/server",
      "version": "1.0.0",
      "license": "MIT"
    }
  }
}
